
Microsoft Visual Studio Solution File, Format Version 12.00
# Visual Studio 15
VisualStudioVersion = 15.0.28307.329
MinimumVisualStudioVersion = 10.0.40219.1
Project("{FAE04EC0-301F-11D3-BF4B-00C04F79EFBC}") = "KoleksiyonLambda", "KoleksiyonLambda\KoleksiyonLambda.csproj", "{8EC9417A-E6CA-44E5-8180-7DBE807FCAC8}"
EndProject
Project("{FAE04EC0-301F-11D3-BF4B-00C04F79EFBC}") = "MetodCagrimlari", "MetodCagrimlari\MetodCagrimlari.csproj", "{311E2481-F1A3-4D1D-A0EB-E49BC05AA1B7}"
EndProject
Project("{FAE04EC0-301F-11D3-BF4B-00C04F79EFBC}") = "RefOutKeywords", "RefOutKeywords\RefOutKeywords.csproj", "{B7E5AAAD-BFBD-4250-8519-C907043495DF}"
EndProject
Project("{FAE04EC0-301F-11D3-BF4B-00C04F79EFBC}") = "FakeDataAccess", "FakeDataAccess\FakeDataAccess.csproj", "{F13D54A0-8238-456C-B981-0FF6B444EF5E}"
EndProject
Project("{FAE04EC0-301F-11D3-BF4B-00C04F79EFBC}") = "EndUserApp", "EndUserApp\EndUserApp.csproj", "{A8DA54E7-164D-486F-8032-E34D1DBE3DBA}"
EndProject
Global
	GlobalSection(SolutionConfigurationPlatforms) = preSolution
		Debug|Any CPU = Debug|Any CPU
		Release|Any CPU = Release|Any CPU
	EndGlobalSection
	GlobalSection(ProjectConfigurationPlatforms) = postSolution
		{8EC9417A-E6CA-44E5-8180-7DBE807FCAC8}.Debug|Any CPU.ActiveCfg = Debug|Any CPU
		{8EC9417A-E6CA-44E5-8180-7DBE807FCAC8}.Debug|Any CPU.Build.0 = Debug|Any CPU
		{8EC9417A-E6CA-44E5-8180-7DBE807FCAC8}.Release|Any CPU.ActiveCfg = Release|Any CPU
		{8EC9417A-E6CA-44E5-8180-7DBE807FCAC8}.Release|Any CPU.Build.0 = Release|Any CPU
		{311E2481-F1A3-4D1D-A0EB-E49BC05AA1B7}.Debug|Any CPU.ActiveCfg = Debug|Any CPU
		{311E2481-F1A3-4D1D-A0EB-E49BC05AA1B7}.Debug|Any CPU.Build.0 = Debug|Any CPU
		{311E2481-F1A3-4D1D-A0EB-E49BC05AA1B7}.Release|Any CPU.ActiveCfg = Release|Any CPU
		{311E2481-F1A3-4D1D-A0EB-E49BC05AA1B7}.Release|Any CPU.Build.0 = Release|Any CPU
		{B7E5AAAD-BFBD-4250-8519-C907043495DF}.Debug|Any CPU.ActiveCfg = Debug|Any CPU
		{B7E5AAAD-BFBD-4250-8519-C907043495DF}.Debug|Any CPU.Build.0 = Debug|Any CPU
		{B7E5AAAD-BFBD-4250-8519-C907043495DF}.Release|Any CPU.ActiveCfg = Release|Any CPU
		{B7E5AAAD-BFBD-4250-8519-C907043495DF}.Release|Any CPU.Build.0 = Release|Any CPU
		{F13D54A0-8238-456C-B981-0FF6B444EF5E}.Debug|Any CPU.ActiveCfg = Debug|Any CPU
		{F13D54A0-8238-456C-B981-0FF6B444EF5E}.Debug|Any CPU.Build.0 = Debug|Any CPU
		{F13D54A0-8238-456C-B981-0FF6B444EF5E}.Release|Any CPU.ActiveCfg = Release|Any CPU
		{F13D54A0-8238-456C-B981-0FF6B444EF5E}.Release|Any CPU.Build.0 = Release|Any CPU
		{A8DA54E7-164D-486F-8032-E34D1DBE3DBA}.Debug|Any CPU.ActiveCfg = Debug|Any CPU
		{A8DA54E7-164D-486F-8032-E34D1DBE3DBA}.Debug|Any CPU.Build.0 = Debug|Any CPU
		{A8DA54E7-164D-486F-8032-E34D1DBE3DBA}.Release|Any CPU.ActiveCfg = Release|Any CPU
		{A8DA54E7-164D-486F-8032-E34D1DBE3DBA}.Release|Any CPU.Build.0 = Release|Any CPU
	EndGlobalSection
	GlobalSection(SolutionProperties) = preSolution
		HideSolutionNode = FALSE
	EndGlobalSection
	GlobalSection(ExtensibilityGlobals) = postSolution
		SolutionGuid = {21D14E78-8B6B-46FC-BBA7-CA9E4493FEB3}
	EndGlobalSection
EndGlobal
